
Microsoft Visual Studio Solution File, Format Version 12.00
# Visual Studio Version 17
VisualStudioVersion = 17.8.34511.84
MinimumVisualStudioVersion = 10.0.40219.1
Project("{FAE04EC0-301F-11D3-BF4B-00C04F79EFBC}") = "DigitalTwin", "DigitalTwin\DigitalTwin.csproj", "{C936F2D9-37A3-44F2-B7BB-772401092935}"
EndProject
Global
	GlobalSection(SolutionConfigurationPlatforms) = preSolution
		Debug|Any CPU = Debug|Any CPU
		Release|Any CPU = Release|Any CPU
	EndGlobalSection
	GlobalSection(ProjectConfigurationPlatforms) = postSolution
		{C936F2D9-37A3-44F2-B7BB-772401092935}.Debug|Any CPU.ActiveCfg = Debug|Any CPU
		{C936F2D9-37A3-44F2-B7BB-772401092935}.Debug|Any CPU.Build.0 = Debug|Any CPU
		{C936F2D9-37A3-44F2-B7BB-772401092935}.Release|Any CPU.ActiveCfg = Release|Any CPU
		{C936F2D9-37A3-44F2-B7BB-772401092935}.Release|Any CPU.Build.0 = Release|Any CPU
	EndGlobalSection
	GlobalSection(SolutionProperties) = preSolution
		HideSolutionNode = FALSE
	EndGlobalSection
	GlobalSection(ExtensibilityGlobals) = postSolution
		SolutionGuid = {C64EC59F-BF71-451C-A673-AB8B464EE322}
	EndGlobalSection
EndGlobal
